# This file is automatically @generated by Cargo.
# It is not intended for manual editing.
version = 4

[[package]]
name = "package-a"
version = "0.1.0"
dependencies = [
 "package-b",
 "package-c",
]

[[package]]
name = "package-b"
version = "0.1.0"

[[package]]
name = "package-c"
version = "0.1.0"
dependencies = [
 "package-d",
 "package-e",
]

[[package]]
name = "package-d"
version = "0.1.0"
dependencies = [
 "package-e",
]

[[package]]
name = "package-e"
version = "0.1.0"
